PODS:
  - iOSSnapshotTestCase (8.0.0):
    - iOSSnapshotTestCase/SwiftSupport (= 8.0.0)
  - iOSSnapshotTestCase/Core (8.0.0)
  - iOSSnapshotTestCase/SwiftSupport (8.0.0):
    - iOSSnapshotTestCase/Core
  - Kingfisher (7.0.0)
  - Kommunicate (6.6.0):
    - KommunicateChatUI-iOS-SDK (~> 0.2.3)
  - KommunicateChatUI-iOS-SDK (0.2.3):
    - KommunicateChatUI-iOS-SDK/Complete (= 0.2.3)
  - KommunicateChatUI-iOS-SDK/Complete (0.2.3):
    - Kingfisher (~> 7.0.0)
    - KommunicateChatUI-iOS-SDK/RichMessageKit
    - KommunicateCore-iOS-SDK (~> 1.0.4)
    - SwipeCellKit (~> 2.7.1)
  - KommunicateChatUI-iOS-SDK/RichMessageKit (0.2.3)
  - KommunicateCore-iOS-SDK (1.0.4)
  - Nimble (10.0.0)
  - Nimble-Snapshots (9.4.0):
    - Nimble-Snapshots/Core (= 9.4.0)
  - Nimble-Snapshots/Core (9.4.0):
    - iOSSnapshotTestCase (~> 8.0)
    - Nimble
  - Quick (5.0.1)
  - SwipeCellKit (2.7.1)

DEPENDENCIES:
  - iOSSnapshotTestCase (~> 8.0.0)
  - Kommunicate (from `../`)
  - Nimble
  - Nimble-Snapshots
  - Quick

SPEC REPOS:
  trunk:
    - iOSSnapshotTestCase
    - Kingfisher
    - KommunicateChatUI-iOS-SDK
    - KommunicateCore-iOS-SDK
    - Nimble
    - Nimble-Snapshots
    - Quick
    - SwipeCellKit

EXTERNAL SOURCES:
  Kommunicate:
    :path: "../"

SPEC CHECKSUMS:
  iOSSnapshotTestCase: a670511f9ee3829c2b9c23e6e68f315fd7b6790f
  Kingfisher: 5efc54fec3980f92354898532e562cc17f31efb4
  Kommunicate: 9482fdb319166c6c6035a635cb0c183883347553
  KommunicateChatUI-iOS-SDK: 2403f3402dc9e60d714e756771bdbc7c08ba89cb
  KommunicateCore-iOS-SDK: f4cbf5ee3a11f869d7effaff4270823bb1336991
  Nimble: 5316ef81a170ce87baf72dd961f22f89a602ff84
  Nimble-Snapshots: ef281b908c604f78c8313587e25ea92c8ab513d7
  Quick: 749aa754fd1e7d984f2000fe051e18a3a9809179
  SwipeCellKit: 3972254a826da74609926daf59b08d6c72e619ea

PODFILE CHECKSUM: 4ce9d42da4b992774ca3d9b09546e7c3e0c0e727

COCOAPODS: 1.11.3
