PODS:
  - Applozic (7.3.0):
    - SDWebImage (~> 5.1.0)
  - ApplozicSwift (5.5.0):
    - ApplozicSwift/Complete (= 5.5.0)
  - ApplozicSwift/Complete (5.5.0):
    - Applozic (~> 7.3.0)
    - ApplozicSwift/RichMessageKit
    - Kingfisher (~> 5.13.0)
    - MGSwipeTableCell (~> 1.6.11)
  - ApplozicSwift/RichMessageKit (5.5.0)
  - FBSnapshotTestCase (2.1.4):
    - FBSnapshotTestCase/SwiftSupport (= 2.1.4)
  - FBSnapshotTestCase/Core (2.1.4)
  - FBSnapshotTestCase/SwiftSupport (2.1.4):
    - FBSnapshotTestCase/Core
  - iOSSnapshotTestCase (6.2.0):
    - iOSSnapshotTestCase/SwiftSupport (= 6.2.0)
  - iOSSnapshotTestCase/Core (6.2.0)
  - iOSSnapshotTestCase/SwiftSupport (6.2.0):
    - iOSSnapshotTestCase/Core
  - Kingfisher (5.13.4):
    - Kingfisher/Core (= 5.13.4)
  - Kingfisher/Core (5.13.4)
  - Kommunicate (5.2.0):
    - ApplozicSwift (~> 5.5.0)
  - MGSwipeTableCell (1.6.11)
  - Nimble (8.0.5)
  - Nimble-Snapshots (8.1.1):
    - Nimble-Snapshots/Core (= 8.1.1)
  - Nimble-Snapshots/Core (8.1.1):
    - iOSSnapshotTestCase (~> 6.0)
    - Nimble (~> 8.0)
  - Quick (2.2.0)
  - SDWebImage (5.1.1):
    - SDWebImage/Core (= 5.1.1)
  - SDWebImage/Core (5.1.1)

DEPENDENCIES:
  - ApplozicSwift (from `/Users/apple/Documents/SWIFT-APPLOZIC/SWIFT-SDK/Swift backup/ApplozicSwift/ApplozicSwift.podspec`)
  - FBSnapshotTestCase (~> 2.1.4)
  - Kommunicate (from `../`)
  - Nimble
  - Nimble-Snapshots
  - Quick

SPEC REPOS:
  trunk:
    - Applozic
    - FBSnapshotTestCase
    - iOSSnapshotTestCase
    - Kingfisher
    - MGSwipeTableCell
    - Nimble
    - Nimble-Snapshots
    - Quick
    - SDWebImage

EXTERNAL SOURCES:
  ApplozicSwift:
    :path: "/Users/apple/Documents/SWIFT-APPLOZIC/SWIFT-SDK/Swift backup/ApplozicSwift/ApplozicSwift.podspec"
  Kommunicate:
    :path: "../"

SPEC CHECKSUMS:
  Applozic: 9fffca38afaf77ced5196619e00a4c67b074ecfc
  ApplozicSwift: e9fe86679b7b86ba6c670ad6750ab2deab07fd66
  FBSnapshotTestCase: 094f9f314decbabe373b87cc339bea235a63e07a
  iOSSnapshotTestCase: 9ab44cb5aa62b84d31847f40680112e15ec579a6
  Kingfisher: d2279a7abece3c7f25a80cd2b7f363ca5cf3f44c
  Kommunicate: 29e08e3c0194b3602b44eca881b00eca693cd84f
  MGSwipeTableCell: b804e4e450dee439c42250be90bd50458bf67fce
  Nimble: 4ab1aeb9b45553c75b9687196b0fa0713170a332
  Nimble-Snapshots: 5058fb9b459e64371f54a0f8d9dde6f33db490a0
  Quick: 7fb19e13be07b5dfb3b90d4f9824c855a11af40e
  SDWebImage: 96d7f03415ccb28d299d765f93557ff8a617abd8

PODFILE CHECKSUM: 1683c391cc15975ab1c644ee3ba2eb45812bff17

COCOAPODS: 1.9.2
