{
  "object": {
    "pins": [
      {
        "package": "Kingfisher",
        "repositoryURL": "https://github.com/onevcat/Kingfisher.git",
        "state": {
          "branch": null,
          "revision": "8c65ddf756c633d01d9ae01092bf72f0c66dfc60",
          "version": "7.0.0"
        }
      },
      {
        "package": "KommunicateChatUI-iOS-SDK",
        "repositoryURL": "https://github.com/Kommunicate-io/KommunicateChatUI-iOS-SDK.git",
        "state": {
          "branch": null,
          "revision": "f3da8050db54328441dbb4432d6fe7b7a150b833",
          "version": "0.2.0"
        }
      },
      {
        "package": "KommunicateCore_iOS_SDK",
        "repositoryURL": "https://github.com/Kommunicate-io/KommunicateCore-iOS-SDK.git",
        "state": {
          "branch": null,
          "revision": "d33f8370719d60e90fa6d6e6630f748aeaa9aa1d",
          "version": "1.0.1"
        }
      },
      {
        "package": "SwipeCellKit",
        "repositoryURL": "https://github.com/SwipeCellKit/SwipeCellKit.git",
        "state": {
          "branch": null,
          "revision": "7219cad3098637176ace311510d11467dbfb9bb0",
          "version": "2.7.1"
        }
      }
    ]
  },
  "version": 1
}
