{
  "object": {
    "pins": [
      {
        "package": "Kingfisher",
        "repositoryURL": "https://github.com/onevcat/Kingfisher.git",
        "state": {
          "branch": null,
          "revision": "8c65ddf756c633d01d9ae01092bf72f0c66dfc60",
          "version": "7.0.0"
        }
      },
      {
        "package": "KommunicateChatUI-iOS-SDK",
        "repositoryURL": "https://github.com/Kommunicate-io/KommunicateChatUI-iOS-SDK.git",
        "state": {
          "branch": null,
          "revision": "9e0b33619a88436b40be2ed7b2f94b3ef0871fd6",
          "version": "0.2.6"
        }
      },
      {
        "package": "KommunicateCore_iOS_SDK",
        "repositoryURL": "https://github.com/Kommunicate-io/KommunicateCore-iOS-SDK.git",
        "state": {
          "branch": null,
          "revision": "10924222a0ef69a70a075bf36db2ee7b7bf4cd80",
          "version": "1.0.5"
        }
      },
      {
        "package": "SwipeCellKit",
        "repositoryURL": "https://github.com/SwipeCellKit/SwipeCellKit.git",
        "state": {
          "branch": null,
          "revision": "7219cad3098637176ace311510d11467dbfb9bb0",
          "version": "2.7.1"
        }
      }
    ]
  },
  "version": 1
}
